# Generated by buf. DO NOT EDIT.
version: v1
deps:
  - remote: buf.build
    owner: bufbuild
    repository: protovalidate
    commit: 52f32327d4b045a79293a6ad4e7e1236
    digest: shake256:ddff976f6322abaecd49ff0b271b7f8dec485046bafc52fe31f3272b555fa2829328be24d71ececefca38c87319173a31f1e931984066531b6ca2016b3598146
